// !$*UTF8*$!
{
	archiveVersion = 1;
	classes = {
	};
	objectVersion = 50;
	objects = {

/* Begin PBXBuildFile section */
		EBC37AF520CEE58600A5BCF7 /* AppDelegate.swift in Sources */ = {isa = PBXBuildFile; fileRef = EBC37AF420CEE58600A5BCF7 /* AppDelegate.swift */; };
		EBC37AF720CEE58600A5BCF7 /* ViewController.swift in Sources */ = {isa = PBXBuildFile; fileRef = EBC37AF620CEE58600A5BCF7 /* ViewController.swift */; };
		EBC37AFA20CEE58600A5BCF7 /* Main.storyboard in Resources */ = {isa = PBXBuildFile; fileRef = EBC37AF820CEE58600A5BCF7 /* Main.storyboard */; };
		EBC37AFC20CEE58700A5BCF7 /* Assets.xcassets in Resources */ = {isa = PBXBuildFile; fileRef = EBC37AFB20CEE58700A5BCF7 /* Assets.xcassets */; };
		EBC37AFF20CEE58700A5BCF7 /* LaunchScreen.storyboard in Resources */ = {isa = PBXBuildFile; fileRef = EBC37AFD20CEE58700A5BCF7 /* LaunchScreen.storyboard */; };
		EBC37B0A20CEE58700A5BCF7 /* OrderOfEventsTests.swift in Sources */ = {isa = PBXBuildFile; fileRef = EBC37B0920CEE58700A5BCF7 /* OrderOfEventsTests.swift */; };
		EBC37B1520CEE58700A5BCF7 /* OrderOfEventsUITests.swift in Sources */ = {isa = PBXBuildFile; fileRef = EBC37B1420CEE58700A5BCF7 /* OrderOfEventsUITests.swift */; };
/* End PBXBuildFile section */

/* Begin PBXContainerItemProxy section */
		EBC37B0620CEE58700A5BCF7 /* PBXContainerItemProxy */ = {
			isa = PBXContainerItemProxy;
			containerPortal = EBC37AE920CEE58600A5BCF7 /* Project object */;
			proxyType = 1;
			remoteGlobalIDString = EBC37AF020CEE58600A5BCF7;
			remoteInfo = OrderOfEvents;
		};
		EBC37B1120CEE58700A5BCF7 /* PBXContainerItemProxy */ = {
			isa = PBXContainerItemProxy;
			containerPortal = EBC37AE920CEE58600A5BCF7 /* Project object */;
			proxyType = 1;
			remoteGlobalIDString = EBC37AF020CEE58600A5BCF7;
			remoteInfo = OrderOfEvents;
		};
/* End PBXContainerItemProxy section */

/* Begin PBXFileReference section */
		EBC37AF120CEE58600A5BCF7 /* OrderOfEvents.app */ = {isa = PBXFileReference; explicitFileType = wrapper.application; includeInIndex = 0; path = OrderOfEvents.app; sourceTree = BUILT_PRODUCTS_DIR; };
		EBC37AF420CEE58600A5BCF7 /* AppDelegate.swift */ = {isa = PBXFileReference; lastKnownFileType = sourcecode.swift; path = AppDelegate.swift; sourceTree = "<group>"; };
		EBC37AF620CEE58600A5BCF7 /* ViewController.swift */ = {isa = PBXFileReference; lastKnownFileType = sourcecode.swift; path = ViewController.swift; sourceTree = "<group>"; };
		EBC37AF920CEE58600A5BCF7 /* Base */ = {isa = PBXFileReference; lastKnownFileType = file.storyboard; name = Base; path = Base.lproj/Main.storyboard; sourceTree = "<group>"; };
		EBC37AFB20CEE58700A5BCF7 /* Assets.xcassets */ = {isa = PBXFileReference; lastKnownFileType = folder.assetcatalog; path = Assets.xcassets; sourceTree = "<group>"; };
		EBC37AFE20CEE58700A5BCF7 /* Base */ = {isa = PBXFileReference; lastKnownFileType = file.storyboard; name = Base; path = Base.lproj/LaunchScreen.storyboard; sourceTree = "<group>"; };
		EBC37B0020CEE58700A5BCF7 /* Info.plist */ = {isa = PBXFileReference; lastKnownFileType = text.plist.xml; path = Info.plist; sourceTree = "<group>"; };
		EBC37B0520CEE58700A5BCF7 /* OrderOfEventsTests.xctest */ = {isa = PBXFileReference; explicitFileType = wrapper.cfbundle; includeInIndex = 0; path = OrderOfEventsTests.xctest; sourceTree = BUILT_PRODUCTS_DIR; };
		EBC37B0920CEE58700A5BCF7 /* OrderOfEventsTests.swift */ = {isa = PBXFileReference; lastKnownFileType = sourcecode.swift; path = OrderOfEventsTests.swift; sourceTree = "<group>"; };
		EBC37B0B20CEE58700A5BCF7 /* Info.plist */ = {isa = PBXFileReference; lastKnownFileType = text.plist.xml; path = Info.plist; sourceTree = "<group>"; };
		EBC37B1020CEE58700A5BCF7 /* OrderOfEventsUITests.xctest */ = {isa = PBXFileReference; explicitFileType = wrapper.cfbundle; includeInIndex = 0; path = OrderOfEventsUITests.xctest; sourceTree = BUILT_PRODUCTS_DIR; };
		EBC37B1420CEE58700A5BCF7 /* OrderOfEventsUITests.swift */ = {isa = PBXFileReference; lastKnownFileType = sourcecode.swift; path = OrderOfEventsUITests.swift; sourceTree = "<group>"; };
		EBC37B1620CEE58700A5BCF7 /* Info.plist */ = {isa = PBXFileReference; lastKnownFileType = text.plist.xml; path = Info.plist; sourceTree = "<group>"; };
/* End PBXFileReference section */

/* Begin PBXFrameworksBuildPhase section */
		EBC37AEE20CEE58600A5BCF7 /* Frameworks */ = {
			isa = PBXFrameworksBuildPhase;
			buildActionMask = 2147483647;
			files = (
			);
			runOnlyForDeploymentPostprocessing = 0;
		};
		EBC37B0220CEE58700A5BCF7 /* Frameworks */ = {
			isa = PBXFrameworksBuildPhase;
			buildActionMask = 2147483647;
			files = (
			);
			runOnlyForDeploymentPostprocessing = 0;
		};
		EBC37B0D20CEE58700A5BCF7 /* Frameworks */ = {
			isa = PBXFrameworksBuildPhase;
			buildActionMask = 2147483647;
			files = (
			);
			runOnlyForDeploymentPostprocessing = 0;
		};
/* End PBXFrameworksBuildPhase section */

/* Begin PBXGroup section */
		EBC37AE820CEE58600A5BCF7 = {
			isa = PBXGroup;
			children = (
				EBC37AF320CEE58600A5BCF7 /* OrderOfEvents */,
				EBC37B0820CEE58700A5BCF7 /* OrderOfEventsTests */,
				EBC37B1320CEE58700A5BCF7 /* OrderOfEventsUITests */,
				EBC37AF220CEE58600A5BCF7 /* Products */,
			);
			sourceTree = "<group>";
		};
		EBC37AF220CEE58600A5BCF7 /* Products */ = {
			isa = PBXGroup;
			children = (
				EBC37AF120CEE58600A5BCF7 /* OrderOfEvents.app */,
				EBC37B0520CEE58700A5BCF7 /* OrderOfEventsTests.xctest */,
				EBC37B1020CEE58700A5BCF7 /* OrderOfEventsUITests.xctest */,
			);
			name = Products;
			sourceTree = "<group>";
		};
		EBC37AF320CEE58600A5BCF7 /* OrderOfEvents */ = {
			isa = PBXGroup;
			children = (
				EBC37AF420CEE58600A5BCF7 /* AppDelegate.swift */,
				EBC37AF620CEE58600A5BCF7 /* ViewController.swift */,
				EBC37AF820CEE58600A5BCF7 /* Main.storyboard */,
				EBC37AFB20CEE58700A5BCF7 /* Assets.xcassets */,
				EBC37AFD20CEE58700A5BCF7 /* LaunchScreen.storyboard */,
				EBC37B0020CEE58700A5BCF7 /* Info.plist */,
			);
			path = OrderOfEvents;
			sourceTree = "<group>";
		};
		EBC37B0820CEE58700A5BCF7 /* OrderOfEventsTests */ = {
			isa = PBXGroup;
			children = (
				EBC37B0920CEE58700A5BCF7 /* OrderOfEventsTests.swift */,
				EBC37B0B20CEE58700A5BCF7 /* Info.plist */,
			);
			path = OrderOfEventsTests;
			sourceTree = "<group>";
		};
		EBC37B1320CEE58700A5BCF7 /* OrderOfEventsUITests */ = {
			isa = PBXGroup;
			children = (
				EBC37B1420CEE58700A5BCF7 /* OrderOfEventsUITests.swift */,
				EBC37B1620CEE58700A5BCF7 /* Info.plist */,
			);
			path = OrderOfEventsUITests;
			sourceTree = "<group>";
		};
/* End PBXGroup section */

/* Begin PBXNativeTarget section */
		EBC37AF020CEE58600A5BCF7 /* OrderOfEvents */ = {
			isa = PBXNativeTarget;
			buildConfigurationList = EBC37B1920CEE58700A5BCF7 /* Build configuration list for PBXNativeTarget "OrderOfEvents" */;
			buildPhases = (
				EBC37AED20CEE58600A5BCF7 /* Sources */,
				EBC37AEE20CEE58600A5BCF7 /* Frameworks */,
				EBC37AEF20CEE58600A5BCF7 /* Resources */,
			);
			buildRules = (
			);
			dependencies = (
			);
			name = OrderOfEvents;
			productName = OrderOfEvents;
			productReference = EBC37AF120CEE58600A5BCF7 /* OrderOfEvents.app */;
			productType = "com.apple.product-type.application";
		};
		EBC37B0420CEE58700A5BCF7 /* OrderOfEventsTests */ = {
			isa = PBXNativeTarget;
			buildConfigurationList = EBC37B1C20CEE58700A5BCF7 /* Build configuration list for PBXNativeTarget "OrderOfEventsTests" */;
			buildPhases = (
				EBC37B0120CEE58700A5BCF7 /* Sources */,
				EBC37B0220CEE58700A5BCF7 /* Frameworks */,
				EBC37B0320CEE58700A5BCF7 /* Resources */,
			);
			buildRules = (
			);
			dependencies = (
				EBC37B0720CEE58700A5BCF7 /* PBXTargetDependency */,
			);
			name = OrderOfEventsTests;
			productName = OrderOfEventsTests;
			productReference = EBC37B0520CEE58700A5BCF7 /* OrderOfEventsTests.xctest */;
			productType = "com.apple.product-type.bundle.unit-test";
		};
		EBC37B0F20CEE58700A5BCF7 /* OrderOfEventsUITests */ = {
			isa = PBXNativeTarget;
			buildConfigurationList = EBC37B1F20CEE58700A5BCF7 /* Build configuration list for PBXNativeTarget "OrderOfEventsUITests" */;
			buildPhases = (
				EBC37B0C20CEE58700A5BCF7 /* Sources */,
				EBC37B0D20CEE58700A5BCF7 /* Frameworks */,
				EBC37B0E20CEE58700A5BCF7 /* Resources */,
			);
			buildRules = (
			);
			dependencies = (
				EBC37B1220CEE58700A5BCF7 /* PBXTargetDependency */,
			);
			name = OrderOfEventsUITests;
			productName = OrderOfEventsUITests;
			productReference = EBC37B1020CEE58700A5BCF7 /* OrderOfEventsUITests.xctest */;
			productType = "com.apple.product-type.bundle.ui-testing";
		};
/* End PBXNativeTarget section */

/* Begin PBXProject section */
		EBC37AE920CEE58600A5BCF7 /* Project object */ = {
			isa = PBXProject;
			attributes = {
				LastSwiftUpdateCheck = 0940;
				LastUpgradeCheck = 0940;
				ORGANIZATIONNAME = "Evan Nemetz";
				TargetAttributes = {
					EBC37AF020CEE58600A5BCF7 = {
						CreatedOnToolsVersion = 9.4;
					};
					EBC37B0420CEE58700A5BCF7 = {
						CreatedOnToolsVersion = 9.4;
						TestTargetID = EBC37AF020CEE58600A5BCF7;
					};
					EBC37B0F20CEE58700A5BCF7 = {
						CreatedOnToolsVersion = 9.4;
						TestTargetID = EBC37AF020CEE58600A5BCF7;
					};
				};
			};
			buildConfigurationList = EBC37AEC20CEE58600A5BCF7 /* Build configuration list for PBXProject "OrderOfEvents" */;
			compatibilityVersion = "Xcode 9.3";
			developmentRegion = en;
			hasScannedForEncodings = 0;
			knownRegions = (
				en,
				Base,
			);
			mainGroup = EBC37AE820CEE58600A5BCF7;
			productRefGroup = EBC37AF220CEE58600A5BCF7 /* Products */;
			projectDirPath = "";
			projectRoot = "";
			targets = (
				EBC37AF020CEE58600A5BCF7 /* OrderOfEvents */,
				EBC37B0420CEE58700A5BCF7 /* OrderOfEventsTests */,
				EBC37B0F20CEE58700A5BCF7 /* OrderOfEventsUITests */,
			);
		};
/* End PBXProject section */

/* Begin PBXResourcesBuildPhase section */
		EBC37AEF20CEE58600A5BCF7 /* Resources */ = {
			isa = PBXResourcesBuildPhase;
			buildActionMask = 2147483647;
			files = (
				EBC37AFF20CEE58700A5BCF7 /* LaunchScreen.storyboard in Resources */,
				EBC37AFC20CEE58700A5BCF7 /* Assets.xcassets in Resources */,
				EBC37AFA20CEE58600A5BCF7 /* Main.storyboard in Resources */,
			);
			runOnlyForDeploymentPostprocessing = 0;
		};
		EBC37B0320CEE58700A5BCF7 /* Resources */ = {
			isa = PBXResourcesBuildPhase;
			buildActionMask = 2147483647;
			files = (
			);
			runOnlyForDeploymentPostprocessing = 0;
		};
		EBC37B0E20CEE58700A5BCF7 /* Resources */ = {
			isa = PBXResourcesBuildPhase;
			buildActionMask = 2147483647;
			files = (
			);
			runOnlyForDeploymentPostprocessing = 0;
		};
/* End PBXResourcesBuildPhase section */

/* Begin PBXSourcesBuildPhase section */
		EBC37AED20CEE58600A5BCF7 /* Sources */ = {
			isa = PBXSourcesBuildPhase;
			buildActionMask = 2147483647;
			files = (
				EBC37AF720CEE58600A5BCF7 /* ViewController.swift in Sources */,
				EBC37AF520CEE58600A5BCF7 /* AppDelegate.swift in Sources */,
			);
			runOnlyForDeploymentPostprocessing = 0;
		};
		EBC37B0120CEE58700A5BCF7 /* Sources */ = {
			isa = PBXSourcesBuildPhase;
			buildActionMask = 2147483647;
			files = (
				EBC37B0A20CEE58700A5BCF7 /* OrderOfEventsTests.swift in Sources */,
			);
			runOnlyForDeploymentPostprocessing = 0;
		};
		EBC37B0C20CEE58700A5BCF7 /* Sources */ = {
			isa = PBXSourcesBuildPhase;
			buildActionMask = 2147483647;
			files = (
				EBC37B1520CEE58700A5BCF7 /* OrderOfEventsUITests.swift in Sources */,
			);
			runOnlyForDeploymentPostprocessing = 0;
		};
/* End PBXSourcesBuildPhase section */

/* Begin PBXTargetDependency section */
		EBC37B0720CEE58700A5BCF7 /* PBXTargetDependency */ = {
			isa = PBXTargetDependency;
			target = EBC37AF020CEE58600A5BCF7 /* OrderOfEvents */;
			targetProxy = EBC37B0620CEE58700A5BCF7 /* PBXContainerItemProxy */;
		};
		EBC37B1220CEE58700A5BCF7 /* PBXTargetDependency */ = {
			isa = PBXTargetDependency;
			target = EBC37AF020CEE58600A5BCF7 /* OrderOfEvents */;
			targetProxy = EBC37B1120CEE58700A5BCF7 /* PBXContainerItemProxy */;
		};
/* End PBXTargetDependency section */

/* Begin PBXVariantGroup section */
		EBC37AF820CEE58600A5BCF7 /* Main.storyboard */ = {
			isa = PBXVariantGroup;
			children = (
				EBC37AF920CEE58600A5BCF7 /* Base */,
			);
			name = Main.storyboard;
			sourceTree = "<group>";
		};
		EBC37AFD20CEE58700A5BCF7 /* LaunchScreen.storyboard */ = {
			isa = PBXVariantGroup;
			children = (
				EBC37AFE20CEE58700A5BCF7 /* Base */,
			);
			name = LaunchScreen.storyboard;
			sourceTree = "<group>";
		};
/* End PBXVariantGroup section */

/* Begin XCBuildConfiguration section */
		EBC37B1720CEE58700A5BCF7 /* Debug */ = {
			isa = XCBuildConfiguration;
			buildSettings = {
				ALWAYS_SEARCH_USER_PATHS = NO;
				CLANG_ANALYZER_NONNULL = YES;
				CLANG_ANALYZER_NUMBER_OBJECT_CONVERSION = YES_AGGRESSIVE;
				CLANG_CXX_LANGUAGE_STANDARD = "gnu++14";
				CLANG_CXX_LIBRARY = "libc++";
				CLANG_ENABLE_MODULES = YES;
				CLANG_ENABLE_OBJC_ARC = YES;
				CLANG_ENABLE_OBJC_WEAK = YES;
				CLANG_WARN_BLOCK_CAPTURE_AUTORELEASING = YES;
				CLANG_WARN_BOOL_CONVERSION = YES;
				CLANG_WARN_COMMA = YES;
				CLANG_WARN_CONSTANT_CONVERSION = YES;
				CLANG_WARN_DEPRECATED_OBJC_IMPLEMENTATIONS = YES;
				CLANG_WARN_DIRECT_OBJC_ISA_USAGE = YES_ERROR;
				CLANG_WARN_DOCUMENTATION_COMMENTS = YES;
				CLANG_WARN_EMPTY_BODY = YES;
				CLANG_WARN_ENUM_CONVERSION = YES;
				CLANG_WARN_INFINITE_RECURSION = YES;
				CLANG_WARN_INT_CONVERSION = YES;
				CLANG_WARN_NON_LITERAL_NULL_CONVERSION = YES;
				CLANG_WARN_OBJC_IMPLICIT_RETAIN_SELF = YES;
				CLANG_WARN_OBJC_LITERAL_CONVERSION = YES;
				CLANG_WARN_OBJC_ROOT_CLASS = YES_ERROR;
				CLANG_WARN_RANGE_LOOP_ANALYSIS = YES;
				CLANG_WARN_STRICT_PROTOTYPES = YES;
				CLANG_WARN_SUSPICIOUS_MOVE = YES;
				CLANG_WARN_UNGUARDED_AVAILABILITY = YES_AGGRESSIVE;
				CLANG_WARN_UNREACHABLE_CODE = YES;
				CLANG_WARN__DUPLICATE_METHOD_MATCH = YES;
				CODE_SIGN_IDENTITY = "iPhone Developer";
				COPY_PHASE_STRIP = NO;
				DEBUG_INFORMATION_FORMAT = dwarf;
				ENABLE_STRICT_OBJC_MSGSEND = YES;
				ENABLE_TESTABILITY = YES;
				GCC_C_LANGUAGE_STANDARD = gnu11;
				GCC_DYNAMIC_NO_PIC = NO;
				GCC_NO_COMMON_BLOCKS = YES;
				GCC_OPTIMIZATION_LEVEL = 0;
				GCC_PREPROCESSOR_DEFINITIONS = (
					"DEBUG=1",
					"$(inherited)",
				);
				GCC_WARN_64_TO_32_BIT_CONVERSION = YES;
				GCC_WARN_ABOUT_RETURN_TYPE = YES_ERROR;
				GCC_WARN_UNDECLARED_SELECTOR = YES;
				GCC_WARN_UNINITIALIZED_AUTOS = YES_AGGRESSIVE;
				GCC_WARN_UNUSED_FUNCTION = YES;
				GCC_WARN_UNUSED_VARIABLE = YES;
				IPHONEOS_DEPLOYMENT_TARGET = 11.4;
				MTL_ENABLE_DEBUG_INFO = YES;
				ONLY_ACTIVE_ARCH = YES;
				SDKROOT = iphoneos;
				SWIFT_ACTIVE_COMPILATION_CONDITIONS = DEBUG;
				SWIFT_OPTIMIZATION_LEVEL = "-Onone";
			};
			name = Debug;
		};
		EBC37B1820CEE58700A5BCF7 /* Release */ = {
			isa = XCBuildConfiguration;
			buildSettings = {
				ALWAYS_SEARCH_USER_PATHS = NO;
				CLANG_ANALYZER_NONNULL = YES;
				CLANG_ANALYZER_NUMBER_OBJECT_CONVERSION = YES_AGGRESSIVE;
				CLANG_CXX_LANGUAGE_STANDARD = "gnu++14";
				CLANG_CXX_LIBRARY = "libc++";
				CLANG_ENABLE_MODULES = YES;
				CLANG_ENABLE_OBJC_ARC = YES;
				CLANG_ENABLE_OBJC_WEAK = YES;
				CLANG_WARN_BLOCK_CAPTURE_AUTORELEASING = YES;
				CLANG_WARN_BOOL_CONVERSION = YES;
				CLANG_WARN_COMMA = YES;
				CLANG_WARN_CONSTANT_CONVERSION = YES;
				CLANG_WARN_DEPRECATED_OBJC_IMPLEMENTATIONS = YES;
				CLANG_WARN_DIRECT_OBJC_ISA_USAGE = YES_ERROR;
				CLANG_WARN_DOCUMENTATION_COMMENTS = YES;
				CLANG_WARN_EMPTY_BODY = YES;
				CLANG_WARN_ENUM_CONVERSION = YES;
				CLANG_WARN_INFINITE_RECURSION = YES;
				CLANG_WARN_INT_CONVERSION = YES;
				CLANG_WARN_NON_LITERAL_NULL_CONVERSION = YES;
				CLANG_WARN_OBJC_IMPLICIT_RETAIN_SELF = YES;
				CLANG_WARN_OBJC_LITERAL_CONVERSION = YES;
				CLANG_WARN_OBJC_ROOT_CLASS = YES_ERROR;
				CLANG_WARN_RANGE_LOOP_ANALYSIS = YES;
				CLANG_WARN_STRICT_PROTOTYPES = YES;
				CLANG_WARN_SUSPICIOUS_MOVE = YES;
				CLANG_WARN_UNGUARDED_AVAILABILITY = YES_AGGRESSIVE;
				CLANG_WARN_UNREACHABLE_CODE = YES;
				CLANG_WARN__DUPLICATE_METHOD_MATCH = YES;
				CODE_SIGN_IDENTITY = "iPhone Developer";
				COPY_PHASE_STRIP = NO;
				DEBUG_INFORMATION_FORMAT = "dwarf-with-dsym";
				ENABLE_NS_ASSERTIONS = NO;
				ENABLE_STRICT_OBJC_MSGSEND = YES;
				GCC_C_LANGUAGE_STANDARD = gnu11;
				GCC_NO_COMMON_BLOCKS = YES;
				GCC_WARN_64_TO_32_BIT_CONVERSION = YES;
				GCC_WARN_ABOUT_RETURN_TYPE = YES_ERROR;
				GCC_WARN_UNDECLARED_SELECTOR = YES;
				GCC_WARN_UNINITIALIZED_AUTOS = YES_AGGRESSIVE;
				GCC_WARN_UNUSED_FUNCTION = YES;
				GCC_WARN_UNUSED_VARIABLE = YES;
				IPHONEOS_DEPLOYMENT_TARGET = 11.4;
				MTL_ENABLE_DEBUG_INFO = NO;
				SDKROOT = iphoneos;
				SWIFT_COMPILATION_MODE = wholemodule;
				SWIFT_OPTIMIZATION_LEVEL = "-O";
				VALIDATE_PRODUCT = YES;
			};
			name = Release;
		};
		EBC37B1A20CEE58700A5BCF7 /* Debug */ = {
			isa = XCBuildConfiguration;
			buildSettings = {
				ASSETCATALOG_COMPILER_APPICON_NAME = AppIcon;
				CODE_SIGN_STYLE = Automatic;
				DEVELOPMENT_TEAM = EPK7BR9K9E;
				INFOPLIST_FILE = OrderOfEvents/Info.plist;
				LD_RUNPATH_SEARCH_PATHS = (
					"$(inherited)",
					"@executable_path/Frameworks",
				);
				PRODUCT_BUNDLE_IDENTIFIER = com.OrderOfEvents;
				PRODUCT_NAME = "$(TARGET_NAME)";
				SWIFT_VERSION = 4.0;
				TARGETED_DEVICE_FAMILY = "1,2";
			};
			name = Debug;
		};
		EBC37B1B20CEE58700A5BCF7 /* Release */ = {
			isa = XCBuildConfiguration;
			buildSettings = {
				ASSETCATALOG_COMPILER_APPICON_NAME = AppIcon;
				CODE_SIGN_STYLE = Automatic;
				DEVELOPMENT_TEAM = EPK7BR9K9E;
				INFOPLIST_FILE = OrderOfEvents/Info.plist;
				LD_RUNPATH_SEARCH_PATHS = (
					"$(inherited)",
					"@executable_path/Frameworks",
				);
				PRODUCT_BUNDLE_IDENTIFIER = com.OrderOfEvents;
				PRODUCT_NAME = "$(TARGET_NAME)";
				SWIFT_VERSION = 4.0;
				TARGETED_DEVICE_FAMILY = "1,2";
			};
			name = Release;
		};
		EBC37B1D20CEE58700A5BCF7 /* Debug */ = {
			isa = XCBuildConfiguration;
			buildSettings = {
				ALWAYS_EMBED_SWIFT_STANDARD_LIBRARIES = YES;
				BUNDLE_LOADER = "$(TEST_HOST)";
				CODE_SIGN_STYLE = Automatic;
				DEVELOPMENT_TEAM = EPK7BR9K9E;
				INFOPLIST_FILE = OrderOfEventsTests/Info.plist;
				LD_RUNPATH_SEARCH_PATHS = (
					"$(inherited)",
					"@executable_path/Frameworks",
					"@loader_path/Frameworks",
				);
				PRODUCT_BUNDLE_IDENTIFIER = com.OrderOfEventsTests;
				PRODUCT_NAME = "$(TARGET_NAME)";
				SWIFT_VERSION = 4.0;
				TARGETED_DEVICE_FAMILY = "1,2";
				TEST_HOST = "$(BUILT_PRODUCTS_DIR)/OrderOfEvents.app/OrderOfEvents";
			};
			name = Debug;
		};
		EBC37B1E20CEE58700A5BCF7 /* Release */ = {
			isa = XCBuildConfiguration;
			buildSettings = {
				ALWAYS_EMBED_SWIFT_STANDARD_LIBRARIES = YES;
				BUNDLE_LOADER = "$(TEST_HOST)";
				CODE_SIGN_STYLE = Automatic;
				DEVELOPMENT_TEAM = EPK7BR9K9E;
				INFOPLIST_FILE = OrderOfEventsTests/Info.plist;
				LD_RUNPATH_SEARCH_PATHS = (
					"$(inherited)",
					"@executable_path/Frameworks",
					"@loader_path/Frameworks",
				);
				PRODUCT_BUNDLE_IDENTIFIER = com.OrderOfEventsTests;
				PRODUCT_NAME = "$(TARGET_NAME)";
				SWIFT_VERSION = 4.0;
				TARGETED_DEVICE_FAMILY = "1,2";
				TEST_HOST = "$(BUILT_PRODUCTS_DIR)/OrderOfEvents.app/OrderOfEvents";
			};
			name = Release;
		};
		EBC37B2020CEE58700A5BCF7 /* Debug */ = {
			isa = XCBuildConfiguration;
			buildSettings = {
				ALWAYS_EMBED_SWIFT_STANDARD_LIBRARIES = YES;
				CODE_SIGN_STYLE = Automatic;
				DEVELOPMENT_TEAM = EPK7BR9K9E;
				INFOPLIST_FILE = OrderOfEventsUITests/Info.plist;
				LD_RUNPATH_SEARCH_PATHS = (
					"$(inherited)",
					"@executable_path/Frameworks",
					"@loader_path/Frameworks",
				);
				PRODUCT_BUNDLE_IDENTIFIER = com.OrderOfEventsUITests;
				PRODUCT_NAME = "$(TARGET_NAME)";
				SWIFT_VERSION = 4.0;
				TARGETED_DEVICE_FAMILY = "1,2";
				TEST_TARGET_NAME = OrderOfEvents;
			};
			name = Debug;
		};
		EBC37B2120CEE58700A5BCF7 /* Release */ = {
			isa = XCBuildConfiguration;
			buildSettings = {
				ALWAYS_EMBED_SWIFT_STANDARD_LIBRARIES = YES;
				CODE_SIGN_STYLE = Automatic;
				DEVELOPMENT_TEAM = EPK7BR9K9E;
				INFOPLIST_FILE = OrderOfEventsUITests/Info.plist;
				LD_RUNPATH_SEARCH_PATHS = (
					"$(inherited)",
					"@executable_path/Frameworks",
					"@loader_path/Frameworks",
				);
				PRODUCT_BUNDLE_IDENTIFIER = com.OrderOfEventsUITests;
				PRODUCT_NAME = "$(TARGET_NAME)";
				SWIFT_VERSION = 4.0;
				TARGETED_DEVICE_FAMILY = "1,2";
				TEST_TARGET_NAME = OrderOfEvents;
			};
			name = Release;
		};
/* End XCBuildConfiguration section */

/* Begin XCConfigurationList section */
		EBC37AEC20CEE58600A5BCF7 /* Build configuration list for PBXProject "OrderOfEvents" */ = {
			isa = XCConfigurationList;
			buildConfigurations = (
				EBC37B1720CEE58700A5BCF7 /* Debug */,
				EBC37B1820CEE58700A5BCF7 /* Release */,
			);
			defaultConfigurationIsVisible = 0;
			defaultConfigurationName = Release;
		};
		EBC37B1920CEE58700A5BCF7 /* Build configuration list for PBXNativeTarget "OrderOfEvents" */ = {
			isa = XCConfigurationList;
			buildConfigurations = (
				EBC37B1A20CEE58700A5BCF7 /* Debug */,
				EBC37B1B20CEE58700A5BCF7 /* Release */,
			);
			defaultConfigurationIsVisible = 0;
			defaultConfigurationName = Release;
		};
		EBC37B1C20CEE58700A5BCF7 /* Build configuration list for PBXNativeTarget "OrderOfEventsTests" */ = {
			isa = XCConfigurationList;
			buildConfigurations = (
				EBC37B1D20CEE58700A5BCF7 /* Debug */,
				EBC37B1E20CEE58700A5BCF7 /* Release */,
			);
			defaultConfigurationIsVisible = 0;
			defaultConfigurationName = Release;
		};
		EBC37B1F20CEE58700A5BCF7 /* Build configuration list for PBXNativeTarget "OrderOfEventsUITests" */ = {
			isa = XCConfigurationList;
			buildConfigurations = (
				EBC37B2020CEE58700A5BCF7 /* Debug */,
				EBC37B2120CEE58700A5BCF7 /* Release */,
			);
			defaultConfigurationIsVisible = 0;
			defaultConfigurationName = Release;
		};
/* End XCConfigurationList section */
	};
	rootObject = EBC37AE920CEE58600A5BCF7 /* Project object */;
}
